
Microsoft Visual Studio Solution File, Format Version 12.00
# Visual Studio 2015
Project("{FAE04EC0-301F-11D3-BF4B-00C04F79EFBC}") = "VR-Tour", "VR-Tour.csproj", "{AFEF3E84-D20D-F206-B597-3E33EB6065C6}"
EndProject
Project("{FAE04EC0-301F-11D3-BF4B-00C04F79EFBC}") = "VR-Tour.Editor", "VR-Tour.Editor.csproj", "{7F20998B-6935-52D8-055A-E672B58B1CDF}"
EndProject
Global
	GlobalSection(SolutionConfigurationPlatforms) = preSolution
		Debug|Any CPU = Debug|Any CPU
		Release|Any CPU = Release|Any CPU
	EndGlobalSection
	GlobalSection(ProjectConfigurationPlatforms) = postSolution
		{AFEF3E84-D20D-F206-B597-3E33EB6065C6}.Debug|Any CPU.ActiveCfg = Debug|Any CPU
		{AFEF3E84-D20D-F206-B597-3E33EB6065C6}.Debug|Any CPU.Build.0 = Debug|Any CPU
		{AFEF3E84-D20D-F206-B597-3E33EB6065C6}.Release|Any CPU.ActiveCfg = Release|Any CPU
		{AFEF3E84-D20D-F206-B597-3E33EB6065C6}.Release|Any CPU.Build.0 = Release|Any CPU
		{7F20998B-6935-52D8-055A-E672B58B1CDF}.Debug|Any CPU.ActiveCfg = Debug|Any CPU
		{7F20998B-6935-52D8-055A-E672B58B1CDF}.Debug|Any CPU.Build.0 = Debug|Any CPU
		{7F20998B-6935-52D8-055A-E672B58B1CDF}.Release|Any CPU.ActiveCfg = Release|Any CPU
		{7F20998B-6935-52D8-055A-E672B58B1CDF}.Release|Any CPU.Build.0 = Release|Any CPU
	EndGlobalSection
	GlobalSection(SolutionProperties) = preSolution
		HideSolutionNode = FALSE
	EndGlobalSection
EndGlobal
